{
  "name": "digitravel",
  "lockfileVersion": 3,
  "requires": true,
  "packages": {
    "": {
      "dependencies": {
        "@material-tailwind/html": "^1.2.3",
        "flowbite": "^1.5.5"
      }
    },
    "node_modules/@material-tailwind/html": {
      "version": "1.2.3",
      "resolved": "https://registry.npmjs.org/@material-tailwind/html/-/html-1.2.3.tgz",
      "integrity": "sha512-N/f1NgdvdshwyuOBYdoEW6HbMXELX/J+RPiAGrUlYrxt/UaEf1qtpl+epqUnkasNNGIXK2mNrpeSrQC08IV81Q==",
      "dependencies": {
        "deepmerge": "^4.2.2",
        "material-ripple-effects": "^2.0.1"
      }
    },
    "node_modules/@popperjs/core": {
      "version": "2.11.6",
      "resolved": "https://registry.npmjs.org/@popperjs/core/-/core-2.11.6.tgz",
      "integrity": "sha512-50/17A98tWUfQ176raKiOGXuYpLyyVMkxxG6oylzL3BPOlA6ADGdK7EYunSa4I064xerltq9TGXs8HmOk5E+vw==",
      "funding": {
        "type": "opencollective",
        "url": "https://opencollective.com/popperjs"
      }
    },
    "node_modules/deepmerge": {
      "version": "4.2.2",
      "resolved": "https://registry.npmjs.org/deepmerge/-/deepmerge-4.2.2.tgz",
      "integrity": "sha512-FJ3UgI4gIl+PHZm53knsuSFpE+nESMr7M4v9QcgB7S63Kj/6WqMiFQJpBBYz1Pt+66bZpP3Q7Lye0Oo9MPKEdg==",
      "engines": {
        "node": ">=0.10.0"
      }
    },
    "node_modules/flowbite": {
      "version": "1.5.5",
      "resolved": "https://registry.npmjs.org/flowbite/-/flowbite-1.5.5.tgz",
      "integrity": "sha512-LWJteH6zO+6BrnerH6GEU9OFpjWmkCWi9BD3XnJdBOVevNnt7u8gW+S+4keqD5OGpHu+QU860pLzNKeNlhlf6g==",
      "dependencies": {
        "@popperjs/core": "^2.9.3",
        "mini-svg-data-uri": "^1.4.3"
      }
    },
    "node_modules/material-ripple-effects": {
      "version": "2.0.1",
      "resolved": "https://registry.npmjs.org/material-ripple-effects/-/material-ripple-effects-2.0.1.tgz",
      "integrity": "sha512-hHlUkZAuXbP94lu02VgrPidbZ3hBtgXBtjlwR8APNqOIgDZMV8MCIcsclL8FmGJQHvnORyvoQgC965vPsiyXLQ=="
    },
    "node_modules/mini-svg-data-uri": {
      "version": "1.4.4",
      "resolved": "https://registry.npmjs.org/mini-svg-data-uri/-/mini-svg-data-uri-1.4.4.tgz",
      "integrity": "sha512-r9deDe9p5FJUPZAk3A59wGH7Ii9YrjjWw0jmw/liSbHl2CHiyXj6FcDXDu2K3TjVAXqiJdaw3xxwlZZr9E6nHg==",
      "bin": {
        "mini-svg-data-uri": "cli.js"
      }
    }
  }
}
